
Microsoft Visual Studio Solution File, Format Version 12.00
# Visual Studio Version 17
VisualStudioVersion = 17.7.34031.279
MinimumVisualStudioVersion = 10.0.40219.1
Project("{8BC9CEB8-8B4A-11D0-8D11-00A0C91BC942}") = "win32", "win32.vcxproj", "{FB73B091-FEEC-4C37-9978-5F1A8988734A}"
EndProject
Global
	GlobalSection(SolutionConfigurationPlatforms) = preSolution
		Debug|x64 = Debug|x64
		Debug|x86 = Debug|x86
		Release|x64 = Release|x64
		Release|x86 = Release|x86
	EndGlobalSection
	GlobalSection(ProjectConfigurationPlatforms) = postSolution
		{FB73B091-FEEC-4C37-9978-5F1A8988734A}.Debug|x64.ActiveCfg = Debug|x64
		{FB73B091-FEEC-4C37-9978-5F1A8988734A}.Debug|x64.Build.0 = Debug|x64
		{FB73B091-FEEC-4C37-9978-5F1A8988734A}.Debug|x86.ActiveCfg = Debug|Win32
		{FB73B091-FEEC-4C37-9978-5F1A8988734A}.Debug|x86.Build.0 = Debug|Win32
		{FB73B091-FEEC-4C37-9978-5F1A8988734A}.Release|x64.ActiveCfg = Release|x64
		{FB73B091-FEEC-4C37-9978-5F1A8988734A}.Release|x64.Build.0 = Release|x64
		{FB73B091-FEEC-4C37-9978-5F1A8988734A}.Release|x86.ActiveCfg = Release|Win32
		{FB73B091-FEEC-4C37-9978-5F1A8988734A}.Release|x86.Build.0 = Release|Win32
	EndGlobalSection
	GlobalSection(SolutionProperties) = preSolution
		HideSolutionNode = FALSE
	EndGlobalSection
	GlobalSection(ExtensibilityGlobals) = postSolution
		SolutionGuid = {F942D7D5-03BD-4906-9690-4D713D7EF5C4}
	EndGlobalSection
EndGlobal
